
Microsoft Visual Studio Solution File, Format Version 12.00
# Visual Studio Version 17
VisualStudioVersion = 17.2.32602.215
MinimumVisualStudioVersion = 10.0.40219.1
Project("{FAE04EC0-301F-11D3-BF4B-00C04F79EFBC}") = "Grashhopper - Summation", "Grashhopper - Summation\Grashhopper - Summation.csproj", "{D9CC3BF7-AC5E-4CD2-AB6A-F7BE2D9AF1FD}"
EndProject
Global
	GlobalSection(SolutionConfigurationPlatforms) = preSolution
		Debug|Any CPU = Debug|Any CPU
		Release|Any CPU = Release|Any CPU
	EndGlobalSection
	GlobalSection(ProjectConfigurationPlatforms) = postSolution
		{D9CC3BF7-AC5E-4CD2-AB6A-F7BE2D9AF1FD}.Debug|Any CPU.ActiveCfg = Debug|Any CPU
		{D9CC3BF7-AC5E-4CD2-AB6A-F7BE2D9AF1FD}.Debug|Any CPU.Build.0 = Debug|Any CPU
		{D9CC3BF7-AC5E-4CD2-AB6A-F7BE2D9AF1FD}.Release|Any CPU.ActiveCfg = Release|Any CPU
		{D9CC3BF7-AC5E-4CD2-AB6A-F7BE2D9AF1FD}.Release|Any CPU.Build.0 = Release|Any CPU
	EndGlobalSection
	GlobalSection(SolutionProperties) = preSolution
		HideSolutionNode = FALSE
	EndGlobalSection
	GlobalSection(ExtensibilityGlobals) = postSolution
		SolutionGuid = {91AA0C55-1E6A-4824-9587-636D1F30BDF2}
	EndGlobalSection
EndGlobal
