
Microsoft Visual Studio Solution File, Format Version 12.00
# Visual Studio Version 17
VisualStudioVersion = 17.2.32602.215
MinimumVisualStudioVersion = 10.0.40219.1
Project("{FAE04EC0-301F-11D3-BF4B-00C04F79EFBC}") = "Rock Paper Scissors", "Rock Paper Scissors\Rock Paper Scissors.csproj", "{7E0E7D5C-D446-485F-8DC4-F0F9CE21ECFF}"
EndProject
Global
	GlobalSection(SolutionConfigurationPlatforms) = preSolution
		Debug|Any CPU = Debug|Any CPU
		Release|Any CPU = Release|Any CPU
	EndGlobalSection
	GlobalSection(ProjectConfigurationPlatforms) = postSolution
		{7E0E7D5C-D446-485F-8DC4-F0F9CE21ECFF}.Debug|Any CPU.ActiveCfg = Debug|Any CPU
		{7E0E7D5C-D446-485F-8DC4-F0F9CE21ECFF}.Debug|Any CPU.Build.0 = Debug|Any CPU
		{7E0E7D5C-D446-485F-8DC4-F0F9CE21ECFF}.Release|Any CPU.ActiveCfg = Release|Any CPU
		{7E0E7D5C-D446-485F-8DC4-F0F9CE21ECFF}.Release|Any CPU.Build.0 = Release|Any CPU
	EndGlobalSection
	GlobalSection(SolutionProperties) = preSolution
		HideSolutionNode = FALSE
	EndGlobalSection
	GlobalSection(ExtensibilityGlobals) = postSolution
		SolutionGuid = {87A65493-A400-430F-AB54-74C1C5E9CF5B}
	EndGlobalSection
EndGlobal
